
Microsoft Visual Studio Solution File, Format Version 12.00
# Visual Studio Version 17
VisualStudioVersion = 17.4.33213.308
MinimumVisualStudioVersion = 10.0.40219.1
Project("{F184B08F-C81C-45F6-A57F-5ABD9991F28F}") = "WindowsApp1", "WindowsApp1\WindowsApp1.vbproj", "{E1010E84-10FC-4130-98CD-2568B4F0862A}"
EndProject
Global
	GlobalSection(SolutionConfigurationPlatforms) = preSolution
		Debug|Any CPU = Debug|Any CPU
		Release|Any CPU = Release|Any CPU
	EndGlobalSection
	GlobalSection(ProjectConfigurationPlatforms) = postSolution
		{E1010E84-10FC-4130-98CD-2568B4F0862A}.Debug|Any CPU.ActiveCfg = Debug|Any CPU
		{E1010E84-10FC-4130-98CD-2568B4F0862A}.Debug|Any CPU.Build.0 = Debug|Any CPU
		{E1010E84-10FC-4130-98CD-2568B4F0862A}.Release|Any CPU.ActiveCfg = Release|Any CPU
		{E1010E84-10FC-4130-98CD-2568B4F0862A}.Release|Any CPU.Build.0 = Release|Any CPU
	EndGlobalSection
	GlobalSection(SolutionProperties) = preSolution
		HideSolutionNode = FALSE
	EndGlobalSection
	GlobalSection(ExtensibilityGlobals) = postSolution
		SolutionGuid = {0BF73773-1A8C-40F1-872F-496ED58C50E0}
	EndGlobalSection
EndGlobal
